
Microsoft Visual Studio Solution File, Format Version 12.00
# Visual Studio Version 17
VisualStudioVersion = 17.1.32319.34
MinimumVisualStudioVersion = 10.0.40219.1
Project("{FAE04EC0-301F-11D3-BF4B-00C04F79EFBC}") = "CV09", "CV09\CV09.csproj", "{7720DD75-EEA6-4C50-8B25-D22736097E16}"
EndProject
Global
	GlobalSection(SolutionConfigurationPlatforms) = preSolution
		Debug|Any CPU = Debug|Any CPU
		Release|Any CPU = Release|Any CPU
	EndGlobalSection
	GlobalSection(ProjectConfigurationPlatforms) = postSolution
		{7720DD75-EEA6-4C50-8B25-D22736097E16}.Debug|Any CPU.ActiveCfg = Debug|Any CPU
		{7720DD75-EEA6-4C50-8B25-D22736097E16}.Debug|Any CPU.Build.0 = Debug|Any CPU
		{7720DD75-EEA6-4C50-8B25-D22736097E16}.Release|Any CPU.ActiveCfg = Release|Any CPU
		{7720DD75-EEA6-4C50-8B25-D22736097E16}.Release|Any CPU.Build.0 = Release|Any CPU
	EndGlobalSection
	GlobalSection(SolutionProperties) = preSolution
		HideSolutionNode = FALSE
	EndGlobalSection
	GlobalSection(ExtensibilityGlobals) = postSolution
		SolutionGuid = {4953E218-B74B-43E2-AF2C-F4A77C8EEF46}
	EndGlobalSection
EndGlobal
